// !$*UTF8*$!
{
	archiveVersion = 1;
	classes = {
	};
	objectVersion = 46;
	objects = {

/* Begin PBXBuildFile section */
		F25D86671EF12AEA001D9B89 /* AppDelegate.swift in Sources */ = {isa = PBXBuildFile; fileRef = F25D86661EF12AEA001D9B89 /* AppDelegate.swift */; };
		F25D86691EF12AEA001D9B89 /* ViewController.swift in Sources */ = {isa = PBXBuildFile; fileRef = F25D86681EF12AEA001D9B89 /* ViewController.swift */; };
		F25D866C1EF12AEA001D9B89 /* Main.storyboard in Resources */ = {isa = PBXBuildFile; fileRef = F25D866A1EF12AEA001D9B89 /* Main.storyboard */; };
		F25D866E1EF12AEA001D9B89 /* Assets.xcassets in Resources */ = {isa = PBXBuildFile; fileRef = F25D866D1EF12AEA001D9B89 /* Assets.xcassets */; };
		F25D86711EF12AEA001D9B89 /* LaunchScreen.storyboard in Resources */ = {isa = PBXBuildFile; fileRef = F25D866F1EF12AEA001D9B89 /* LaunchScreen.storyboard */; };
		F25D86791EF12B00001D9B89 /* TimePicker.swift in Sources */ = {isa = PBXBuildFile; fileRef = F25D86781EF12B00001D9B89 /* TimePicker.swift */; };
/* End PBXBuildFile section */

/* Begin PBXFileReference section */
		F25D86631EF12AEA001D9B89 /* TimePick.app */ = {isa = PBXFileReference; explicitFileType = wrapper.application; includeInIndex = 0; path = TimePick.app; sourceTree = BUILT_PRODUCTS_DIR; };
		F25D86661EF12AEA001D9B89 /* AppDelegate.swift */ = {isa = PBXFileReference; lastKnownFileType = sourcecode.swift; path = AppDelegate.swift; sourceTree = "<group>"; };
		F25D86681EF12AEA001D9B89 /* ViewController.swift */ = {isa = PBXFileReference; lastKnownFileType = sourcecode.swift; path = ViewController.swift; sourceTree = "<group>"; };
		F25D866B1EF12AEA001D9B89 /* Base */ = {isa = PBXFileReference; lastKnownFileType = file.storyboard; name = Base; path = Base.lproj/Main.storyboard; sourceTree = "<group>"; };
		F25D866D1EF12AEA001D9B89 /* Assets.xcassets */ = {isa = PBXFileReference; lastKnownFileType = folder.assetcatalog; path = Assets.xcassets; sourceTree = "<group>"; };
		F25D86701EF12AEA001D9B89 /* Base */ = {isa = PBXFileReference; lastKnownFileType = file.storyboard; name = Base; path = Base.lproj/LaunchScreen.storyboard; sourceTree = "<group>"; };
		F25D86721EF12AEA001D9B89 /* Info.plist */ = {isa = PBXFileReference; lastKnownFileType = text.plist.xml; path = Info.plist; sourceTree = "<group>"; };
		F25D86781EF12B00001D9B89 /* TimePicker.swift */ = {isa = PBXFileReference; fileEncoding = 4; lastKnownFileType = sourcecode.swift; path = TimePicker.swift; sourceTree = "<group>"; };
/* End PBXFileReference section */

/* Begin PBXFrameworksBuildPhase section */
		F25D86601EF12AEA001D9B89 /* Frameworks */ = {
			isa = PBXFrameworksBuildPhase;
			buildActionMask = 2147483647;
			files = (
			);
			runOnlyForDeploymentPostprocessing = 0;
		};
/* End PBXFrameworksBuildPhase section */

/* Begin PBXGroup section */
		F25D865A1EF12AE9001D9B89 = {
			isa = PBXGroup;
			children = (
				F25D86651EF12AEA001D9B89 /* TimePick */,
				F25D86641EF12AEA001D9B89 /* Products */,
			);
			sourceTree = "<group>";
		};
		F25D86641EF12AEA001D9B89 /* Products */ = {
			isa = PBXGroup;
			children = (
				F25D86631EF12AEA001D9B89 /* TimePick.app */,
			);
			name = Products;
			sourceTree = "<group>";
		};
		F25D86651EF12AEA001D9B89 /* TimePick */ = {
			isa = PBXGroup;
			children = (
				F25D86661EF12AEA001D9B89 /* AppDelegate.swift */,
				F25D86681EF12AEA001D9B89 /* ViewController.swift */,
				F25D866A1EF12AEA001D9B89 /* Main.storyboard */,
				F25D866D1EF12AEA001D9B89 /* Assets.xcassets */,
				F25D866F1EF12AEA001D9B89 /* LaunchScreen.storyboard */,
				F25D86721EF12AEA001D9B89 /* Info.plist */,
				F25D86781EF12B00001D9B89 /* TimePicker.swift */,
			);
			path = TimePick;
			sourceTree = "<group>";
		};
/* End PBXGroup section */

/* Begin PBXNativeTarget section */
		F25D86621EF12AEA001D9B89 /* TimePick */ = {
			isa = PBXNativeTarget;
			buildConfigurationList = F25D86751EF12AEA001D9B89 /* Build configuration list for PBXNativeTarget "TimePick" */;
			buildPhases = (
				F25D865F1EF12AEA001D9B89 /* Sources */,
				F25D86601EF12AEA001D9B89 /* Frameworks */,
				F25D86611EF12AEA001D9B89 /* Resources */,
			);
			buildRules = (
			);
			dependencies = (
			);
			name = TimePick;
			productName = TimePick;
			productReference = F25D86631EF12AEA001D9B89 /* TimePick.app */;
			productType = "com.apple.product-type.application";
		};
/* End PBXNativeTarget section */

/* Begin PBXProject section */
		F25D865B1EF12AE9001D9B89 /* Project object */ = {
			isa = PBXProject;
			attributes = {
				LastSwiftUpdateCheck = 0830;
				LastUpgradeCheck = 0830;
				ORGANIZATIONNAME = kiepo;
				TargetAttributes = {
					F25D86621EF12AEA001D9B89 = {
						CreatedOnToolsVersion = 8.3.2;
						DevelopmentTeam = ZSVA98CY2L;
						ProvisioningStyle = Automatic;
					};
				};
			};
			buildConfigurationList = F25D865E1EF12AEA001D9B89 /* Build configuration list for PBXProject "TimePick" */;
			compatibilityVersion = "Xcode 3.2";
			developmentRegion = English;
			hasScannedForEncodings = 0;
			knownRegions = (
				en,
				Base,
			);
			mainGroup = F25D865A1EF12AE9001D9B89;
			productRefGroup = F25D86641EF12AEA001D9B89 /* Products */;
			projectDirPath = "";
			projectRoot = "";
			targets = (
				F25D86621EF12AEA001D9B89 /* TimePick */,
			);
		};
/* End PBXProject section */

/* Begin PBXResourcesBuildPhase section */
		F25D86611EF12AEA001D9B89 /* Resources */ = {
			isa = PBXResourcesBuildPhase;
			buildActionMask = 2147483647;
			files = (
				F25D86711EF12AEA001D9B89 /* LaunchScreen.storyboard in Resources */,
				F25D866E1EF12AEA001D9B89 /* Assets.xcassets in Resources */,
				F25D866C1EF12AEA001D9B89 /* Main.storyboard in Resources */,
			);
			runOnlyForDeploymentPostprocessing = 0;
		};
/* End PBXResourcesBuildPhase section */

/* Begin PBXSourcesBuildPhase section */
		F25D865F1EF12AEA001D9B89 /* Sources */ = {
			isa = PBXSourcesBuildPhase;
			buildActionMask = 2147483647;
			files = (
				F25D86791EF12B00001D9B89 /* TimePicker.swift in Sources */,
				F25D86691EF12AEA001D9B89 /* ViewController.swift in Sources */,
				F25D86671EF12AEA001D9B89 /* AppDelegate.swift in Sources */,
			);
			runOnlyForDeploymentPostprocessing = 0;
		};
/* End PBXSourcesBuildPhase section */

/* Begin PBXVariantGroup section */
		F25D866A1EF12AEA001D9B89 /* Main.storyboard */ = {
			isa = PBXVariantGroup;
			children = (
				F25D866B1EF12AEA001D9B89 /* Base */,
			);
			name = Main.storyboard;
			sourceTree = "<group>";
		};
		F25D866F1EF12AEA001D9B89 /* LaunchScreen.storyboard */ = {
			isa = PBXVariantGroup;
			children = (
				F25D86701EF12AEA001D9B89 /* Base */,
			);
			name = LaunchScreen.storyboard;
			sourceTree = "<group>";
		};
/* End PBXVariantGroup section */

/* Begin XCBuildConfiguration section */
		F25D86731EF12AEA001D9B89 /* Debug */ = {
			isa = XCBuildConfiguration;
			buildSettings = {
				ALWAYS_SEARCH_USER_PATHS = NO;
				CLANG_ANALYZER_NONNULL = YES;
				CLANG_ANALYZER_NUMBER_OBJECT_CONVERSION = YES_AGGRESSIVE;
				CLANG_CXX_LANGUAGE_STANDARD = "gnu++0x";
				CLANG_CXX_LIBRARY = "libc++";
				CLANG_ENABLE_MODULES = YES;
				CLANG_ENABLE_OBJC_ARC = YES;
				CLANG_WARN_BOOL_CONVERSION = YES;
				CLANG_WARN_CONSTANT_CONVERSION = YES;
				CLANG_WARN_DIRECT_OBJC_ISA_USAGE = YES_ERROR;
				CLANG_WARN_DOCUMENTATION_COMMENTS = YES;
				CLANG_WARN_EMPTY_BODY = YES;
				CLANG_WARN_ENUM_CONVERSION = YES;
				CLANG_WARN_INFINITE_RECURSION = YES;
				CLANG_WARN_INT_CONVERSION = YES;
				CLANG_WARN_OBJC_ROOT_CLASS = YES_ERROR;
				CLANG_WARN_SUSPICIOUS_MOVE = YES;
				CLANG_WARN_UNREACHABLE_CODE = YES;
				CLANG_WARN__DUPLICATE_METHOD_MATCH = YES;
				"CODE_SIGN_IDENTITY[sdk=iphoneos*]" = "iPhone Developer";
				COPY_PHASE_STRIP = NO;
				DEBUG_INFORMATION_FORMAT = dwarf;
				ENABLE_STRICT_OBJC_MSGSEND = YES;
				ENABLE_TESTABILITY = YES;
				GCC_C_LANGUAGE_STANDARD = gnu99;
				GCC_DYNAMIC_NO_PIC = NO;
				GCC_NO_COMMON_BLOCKS = YES;
				GCC_OPTIMIZATION_LEVEL = 0;
				GCC_PREPROCESSOR_DEFINITIONS = (
					"DEBUG=1",
					"$(inherited)",
				);
				GCC_WARN_64_TO_32_BIT_CONVERSION = YES;
				GCC_WARN_ABOUT_RETURN_TYPE = YES_ERROR;
				GCC_WARN_UNDECLARED_SELECTOR = YES;
				GCC_WARN_UNINITIALIZED_AUTOS = YES_AGGRESSIVE;
				GCC_WARN_UNUSED_FUNCTION = YES;
				GCC_WARN_UNUSED_VARIABLE = YES;
				IPHONEOS_DEPLOYMENT_TARGET = 10.3;
				MTL_ENABLE_DEBUG_INFO = YES;
				ONLY_ACTIVE_ARCH = YES;
				SDKROOT = iphoneos;
				SWIFT_ACTIVE_COMPILATION_CONDITIONS = DEBUG;
				SWIFT_OPTIMIZATION_LEVEL = "-Onone";
				TARGETED_DEVICE_FAMILY = "1,2";
			};
			name = Debug;
		};
		F25D86741EF12AEA001D9B89 /* Release */ = {
			isa = XCBuildConfiguration;
			buildSettings = {
				ALWAYS_SEARCH_USER_PATHS = NO;
				CLANG_ANALYZER_NONNULL = YES;
				CLANG_ANALYZER_NUMBER_OBJECT_CONVERSION = YES_AGGRESSIVE;
				CLANG_CXX_LANGUAGE_STANDARD = "gnu++0x";
				CLANG_CXX_LIBRARY = "libc++";
				CLANG_ENABLE_MODULES = YES;
				CLANG_ENABLE_OBJC_ARC = YES;
				CLANG_WARN_BOOL_CONVERSION = YES;
				CLANG_WARN_CONSTANT_CONVERSION = YES;
				CLANG_WARN_DIRECT_OBJC_ISA_USAGE = YES_ERROR;
				CLANG_WARN_DOCUMENTATION_COMMENTS = YES;
				CLANG_WARN_EMPTY_BODY = YES;
				CLANG_WARN_ENUM_CONVERSION = YES;
				CLANG_WARN_INFINITE_RECURSION = YES;
				CLANG_WARN_INT_CONVERSION = YES;
				CLANG_WARN_OBJC_ROOT_CLASS = YES_ERROR;
				CLANG_WARN_SUSPICIOUS_MOVE = YES;
				CLANG_WARN_UNREACHABLE_CODE = YES;
				CLANG_WARN__DUPLICATE_METHOD_MATCH = YES;
				"CODE_SIGN_IDENTITY[sdk=iphoneos*]" = "iPhone Developer";
				COPY_PHASE_STRIP = NO;
				DEBUG_INFORMATION_FORMAT = "dwarf-with-dsym";
				ENABLE_NS_ASSERTIONS = NO;
				ENABLE_STRICT_OBJC_MSGSEND = YES;
				GCC_C_LANGUAGE_STANDARD = gnu99;
				GCC_NO_COMMON_BLOCKS = YES;
				GCC_WARN_64_TO_32_BIT_CONVERSION = YES;
				GCC_WARN_ABOUT_RETURN_TYPE = YES_ERROR;
				GCC_WARN_UNDECLARED_SELECTOR = YES;
				GCC_WARN_UNINITIALIZED_AUTOS = YES_AGGRESSIVE;
				GCC_WARN_UNUSED_FUNCTION = YES;
				GCC_WARN_UNUSED_VARIABLE = YES;
				IPHONEOS_DEPLOYMENT_TARGET = 10.3;
				MTL_ENABLE_DEBUG_INFO = NO;
				SDKROOT = iphoneos;
				SWIFT_OPTIMIZATION_LEVEL = "-Owholemodule";
				TARGETED_DEVICE_FAMILY = "1,2";
				VALIDATE_PRODUCT = YES;
			};
			name = Release;
		};
		F25D86761EF12AEA001D9B89 /* Debug */ = {
			isa = XCBuildConfiguration;
			buildSettings = {
				ASSETCATALOG_COMPILER_APPICON_NAME = AppIcon;
				DEVELOPMENT_TEAM = ZSVA98CY2L;
				INFOPLIST_FILE = TimePick/Info.plist;
				LD_RUNPATH_SEARCH_PATHS = "$(inherited) @executable_path/Frameworks";
				PRODUCT_BUNDLE_IDENTIFIER = com.kiepo.TimePick;
				PRODUCT_NAME = "$(TARGET_NAME)";
				SWIFT_VERSION = 3.0;
			};
			name = Debug;
		};
		F25D86771EF12AEA001D9B89 /* Release */ = {
			isa = XCBuildConfiguration;
			buildSettings = {
				ASSETCATALOG_COMPILER_APPICON_NAME = AppIcon;
				DEVELOPMENT_TEAM = ZSVA98CY2L;
				INFOPLIST_FILE = TimePick/Info.plist;
				LD_RUNPATH_SEARCH_PATHS = "$(inherited) @executable_path/Frameworks";
				PRODUCT_BUNDLE_IDENTIFIER = com.kiepo.TimePick;
				PRODUCT_NAME = "$(TARGET_NAME)";
				SWIFT_VERSION = 3.0;
			};
			name = Release;
		};
/* End XCBuildConfiguration section */

/* Begin XCConfigurationList section */
		F25D865E1EF12AEA001D9B89 /* Build configuration list for PBXProject "TimePick" */ = {
			isa = XCConfigurationList;
			buildConfigurations = (
				F25D86731EF12AEA001D9B89 /* Debug */,
				F25D86741EF12AEA001D9B89 /* Release */,
			);
			defaultConfigurationIsVisible = 0;
			defaultConfigurationName = Release;
		};
		F25D86751EF12AEA001D9B89 /* Build configuration list for PBXNativeTarget "TimePick" */ = {
			isa = XCConfigurationList;
			buildConfigurations = (
				F25D86761EF12AEA001D9B89 /* Debug */,
				F25D86771EF12AEA001D9B89 /* Release */,
			);
			defaultConfigurationIsVisible = 0;
		};
/* End XCConfigurationList section */
	};
	rootObject = F25D865B1EF12AE9001D9B89 /* Project object */;
}
